PODS:
  - Alamofire (4.7.0)
  - Bolts (1.9.0):
    - Bolts/AppLinks (= 1.9.0)
    - Bolts/Tasks (= 1.9.0)
  - Bolts/AppLinks (1.9.0):
    - Bolts/Tasks
  - Bolts/Tasks (1.9.0)
  - Cosmos (15.0.0)
  - FBSDKCoreKit (4.31.1):
    - Bolts (~> 1.7)
  - FBSDKLoginKit (4.31.1):
    - FBSDKCoreKit
  - FCAlertView (1.4.0)
  - Firebase/Auth (4.11.0):
    - Firebase/Core
    - FirebaseAuth (= 4.5.0)
  - Firebase/Core (4.11.0):
    - FirebaseAnalytics (= 4.1.0)
    - FirebaseCore (= 4.0.18)
  - Firebase/Database (4.11.0):
    - Firebase/Core
    - FirebaseDatabase (= 4.1.5)
  - Firebase/Messaging (4.11.0):
    - Firebase/Core
    - FirebaseMessaging (= 2.1.1)
  - Firebase/Storage (4.11.0):
    - Firebase/Core
    - FirebaseStorage (= 2.1.3)
  - FirebaseAnalytics (4.1.0):
    - FirebaseCore (~> 4.0)
    - FirebaseInstanceID (~> 2.0)
    - GoogleToolboxForMac/NSData+zlib (~> 2.1)
    - nanopb (~> 0.3)
  - FirebaseAuth (4.5.0):
    - FirebaseAnalytics (~> 4.1)
    - GoogleToolboxForMac/NSDictionary+URLArguments (~> 2.1)
    - GTMSessionFetcher/Core (~> 1.1)
  - FirebaseCore (4.0.18):
    - GoogleToolboxForMac/NSData+zlib (~> 2.1)
  - FirebaseDatabase (4.1.5):
    - FirebaseAnalytics (~> 4.1)
    - FirebaseCore (~> 4.0)
    - leveldb-library (~> 1.18)
  - FirebaseInstanceID (2.0.10):
    - FirebaseCore (~> 4.0)
  - FirebaseMessaging (2.1.1):
    - FirebaseAnalytics (~> 4.1)
    - FirebaseCore (~> 4.0)
    - FirebaseInstanceID (~> 2.0)
    - GoogleToolboxForMac/Logger (~> 2.1)
    - Protobuf (~> 3.5)
  - FirebaseStorage (2.1.3):
    - FirebaseAnalytics (~> 4.1)
    - FirebaseCore (~> 4.0)
    - GTMSessionFetcher/Core (~> 1.1)
  - GoogleMaps (2.6.0):
    - GoogleMaps/Maps (= 2.6.0)
  - GoogleMaps/Base (2.6.0)
  - GoogleMaps/Maps (2.6.0):
    - GoogleMaps/Base
  - GooglePlacePicker (2.6.0):
    - GoogleMaps (= 2.6.0)
    - GooglePlaces (= 2.6.0)
  - GooglePlaces (2.6.0):
    - GoogleMaps/Base (= 2.6.0)
  - GoogleToolboxForMac/DebugUtils (2.1.3):
    - GoogleToolboxForMac/Defines (= 2.1.3)
  - GoogleToolboxForMac/Defines (2.1.3)
  - GoogleToolboxForMac/Logger (2.1.3):
    - GoogleToolboxForMac/Defines (= 2.1.3)
  - GoogleToolboxForMac/NSData+zlib (2.1.3):
    - GoogleToolboxForMac/Defines (= 2.1.3)
  - GoogleToolboxForMac/NSDictionary+URLArguments (2.1.3):
    - GoogleToolboxForMac/DebugUtils (= 2.1.3)
    - GoogleToolboxForMac/Defines (= 2.1.3)
    - GoogleToolboxForMac/NSString+URLArguments (= 2.1.3)
  - GoogleToolboxForMac/NSString+URLArguments (2.1.3)
  - GTMSessionFetcher/Core (1.1.14)
  - IQKeyboardManager (5.0.8)
  - JTAppleCalendar (7.1.5)
  - Kingfisher (4.6.4)
  - KVNProgress (2.3.1)
  - leveldb-library (1.20)
  - mailcore2-ios (0.6.4)
  - nanopb (0.3.8):
    - nanopb/decode (= 0.3.8)
    - nanopb/encode (= 0.3.8)
  - nanopb/decode (0.3.8)
  - nanopb/encode (0.3.8)
  - Protobuf (3.5.0)
  - Pulsator (0.4.1)
  - RAMAnimatedTabBarController (3.0.4)
  - RevealingSplashView (0.5.0)
  - Segmentio (3.0)
  - Stripe (12.1.2)
  - SwiftValidator (4.0.0)
  - SwiftyJSON (4.0.0)
  - UPCarouselFlowLayout (1.1.1)

DEPENDENCIES:
  - Alamofire
  - Cosmos (~> 15.0)
  - FBSDKLoginKit
  - FCAlertView
  - Firebase/Auth
  - Firebase/Core
  - Firebase/Database
  - Firebase/Messaging
  - Firebase/Storage
  - GoogleMaps
  - GooglePlacePicker
  - GooglePlaces
  - IQKeyboardManager
  - JTAppleCalendar (~> 7.0)
  - Kingfisher (~> 4.0)
  - KVNProgress
  - mailcore2-ios
  - Pulsator
  - RAMAnimatedTabBarController
  - RevealingSplashView
  - Segmentio (~> 3.0)
  - Stripe
  - SwiftValidator (from `https://github.com/jpotts18/SwiftValidator.git`, branch `master`)
  - SwiftyJSON
  - UPCarouselFlowLayout

EXTERNAL SOURCES:
  SwiftValidator:
    :branch: master
    :git: https://github.com/jpotts18/SwiftValidator.git

CHECKOUT OPTIONS:
  SwiftValidator:
    :commit: ba27b0e501bf542b5c1a97bed8f706d12fb2d4f4
    :git: https://github.com/jpotts18/SwiftValidator.git

SPEC CHECKSUMS:
  Alamofire: 907e0a98eb68cdb7f9d1f541a563d6ac5dc77b25
  Bolts: ac6567323eac61e203f6a9763667d0f711be34c8
  Cosmos: a6dbd3d0baa0cc8f51f8598f7508d5a09d0a9ade
  FBSDKCoreKit: e08ccfcefa7bc1347a07c276dac9bf6c7fe57024
  FBSDKLoginKit: 99797ac39252fef6f72600b886f6ee60b4b29cab
  FCAlertView: fdddd63381898c1d1a5a20c9f084fbd2c6d12f8b
  Firebase: cc13dfab1038c8b45d7903e01fc690451d6d0b24
  FirebaseAnalytics: 3dfae28d4a5e06f86c4fae830efc2ad3fadb19bc
  FirebaseAuth: 147bf340a0706b44ca1753d6b41ebafd9687cfe6
  FirebaseCore: b981f47e5254cbcfdeb483355300d743f6fcab2c
  FirebaseDatabase: 5f0bc6134c5c237cf55f9e1249d406770a75eafd
  FirebaseInstanceID: 8d20d890d65c917f9f7d9950b6e10a760ad34321
  FirebaseMessaging: db0e01c52ef7e1f42846431273558107d084ede4
  FirebaseStorage: 9a863a2bb96c406958eeff7c2f1dfa9f44c44a13
  GoogleMaps: 42f91c68b7fa2f84d5c86597b18ceb99f5414c7f
  GooglePlacePicker: e4488625effb006f59de49e14b7a603e463e4261
  GooglePlaces: f6ddf33b75cef69e888907d9947c57198ed845f3
  GoogleToolboxForMac: 2501e2ad72a52eb3dfe7bd9aee7dad11b858bd20
  GTMSessionFetcher: 390ea358e5a0d0133153806f744662dad933d06b
  IQKeyboardManager: 266cb7b1d11f94a3e71229d77f960f9a1b538e5b
  JTAppleCalendar: 2d4f974f9f3c8b4964d51ca1f6e004883c031fbe
  Kingfisher: 68498a706e46c2a050b0c9572f100e5db407f6e0
  KVNProgress: 8167b1f19e2758290c0b6143020ed9dcbb0477a1
  leveldb-library: 08cba283675b7ed2d99629a4bc5fd052cd2bb6a5
  mailcore2-ios: 3ff0be2fa553d4da9c11d39c11d51863c768f24f
  nanopb: 5601e6bca2dbf1ed831b519092ec110f66982ca3
  Protobuf: 8a9838fba8dae3389230e1b7f8c104aa32389c03
  Pulsator: 89a18d0e0ee2f642bb83cb9dfb6b7eebc1dc6241
  RAMAnimatedTabBarController: f4df798eb3f374b80448908d3a18586421efb8f6
  RevealingSplashView: 0794eecad3a8983ac11a1fe474e9a9b51b926780
  Segmentio: 1607fba3b42230f5f91e997d1a3f337f1176674c
  Stripe: 3230cdf8a8b0c04902e45e86f222fb82a926239c
  SwiftValidator: 25ded5ca1f10c05adf57f6ac82a72d28ac8d91af
  SwiftyJSON: 070dabdcb1beb81b247c65ffa3a79dbbfb3b48aa
  UPCarouselFlowLayout: 02045c1505d63057fba3d9975be880a8d16bf17d

PODFILE CHECKSUM: 8845ffb55ac2e4da72c8b7c95c0d606315c87010

COCOAPODS: 1.4.0
